
Microsoft Visual Studio Solution File, Format Version 12.00
# Visual Studio Version 17
VisualStudioVersion = 17.12.35527.113 d17.12
MinimumVisualStudioVersion = 10.0.40219.1
Project("{FAE04EC0-301F-11D3-BF4B-00C04F79EFBC}") = "01_MainSubjects", "01_MainSubjects\01_MainSubjects.csproj", "{526757A0-70DA-4A6D-BD87-8F267D8F4E2E}"
EndProject
Project("{FAE04EC0-301F-11D3-BF4B-00C04F79EFBC}") = "02_Variables", "02_Variables\02_Variables.csproj", "{58B5471E-1D76-4B14-970C-19988D787605}"
EndProject
Global
	GlobalSection(SolutionConfigurationPlatforms) = preSolution
		Debug|Any CPU = Debug|Any CPU
		Release|Any CPU = Release|Any CPU
	EndGlobalSection
	GlobalSection(ProjectConfigurationPlatforms) = postSolution
		{526757A0-70DA-4A6D-BD87-8F267D8F4E2E}.Debug|Any CPU.ActiveCfg = Debug|Any CPU
		{526757A0-70DA-4A6D-BD87-8F267D8F4E2E}.Debug|Any CPU.Build.0 = Debug|Any CPU
		{526757A0-70DA-4A6D-BD87-8F267D8F4E2E}.Release|Any CPU.ActiveCfg = Release|Any CPU
		{526757A0-70DA-4A6D-BD87-8F267D8F4E2E}.Release|Any CPU.Build.0 = Release|Any CPU
		{58B5471E-1D76-4B14-970C-19988D787605}.Debug|Any CPU.ActiveCfg = Debug|Any CPU
		{58B5471E-1D76-4B14-970C-19988D787605}.Debug|Any CPU.Build.0 = Debug|Any CPU
		{58B5471E-1D76-4B14-970C-19988D787605}.Release|Any CPU.ActiveCfg = Release|Any CPU
		{58B5471E-1D76-4B14-970C-19988D787605}.Release|Any CPU.Build.0 = Release|Any CPU
	EndGlobalSection
	GlobalSection(SolutionProperties) = preSolution
		HideSolutionNode = FALSE
	EndGlobalSection
EndGlobal
